// !$*UTF8*$!
{
	archiveVersion = 1;
	classes = {
	};
	objectVersion = 50;
	objects = {

/* Begin PBXBuildFile section */
		577B2599217F80A90013A332 /* AppDelegate.swift in Sources */ = {isa = PBXBuildFile; fileRef = 577B2598217F80A90013A332 /* AppDelegate.swift */; };
		577B259B217F80A90013A332 /* ViewController.swift in Sources */ = {isa = PBXBuildFile; fileRef = 577B259A217F80A90013A332 /* ViewController.swift */; };
		577B25A0217F80AA0013A332 /* Main.storyboard in Resources */ = {isa = PBXBuildFile; fileRef = 577B259E217F80AA0013A332 /* Main.storyboard */; };
		577B25A9217F81530013A332 /* MainWindowController.swift in Sources */ = {isa = PBXBuildFile; fileRef = 577B25A8217F81530013A332 /* MainWindowController.swift */; };
		577B25AE217F90EB0013A332 /* Onoicons.swift in Sources */ = {isa = PBXBuildFile; fileRef = 577B25AD217F90EB0013A332 /* Onoicons.swift */; };
		577B25B0217F9B270013A332 /* Assets.xcassets in Resources */ = {isa = PBXBuildFile; fileRef = 577B25AF217F9B270013A332 /* Assets.xcassets */; };
		5788F4B52181EA39000C5C68 /* xmlModel.swift in Sources */ = {isa = PBXBuildFile; fileRef = 5788F4B42181EA39000C5C68 /* xmlModel.swift */; };
		5788F4B72181EABB000C5C68 /* Item.swift in Sources */ = {isa = PBXBuildFile; fileRef = 5788F4B62181EABB000C5C68 /* Item.swift */; };
		B556AF4E690F250531694D6C /* Pods_ono.framework in Frameworks */ = {isa = PBXBuildFile; fileRef = 653177CC0C6CA0143DDA43C6 /* Pods_ono.framework */; };
/* End PBXBuildFile section */

/* Begin PBXFileReference section */
		39B6813275AB617EC982417B /* Pods-ono.debug.xcconfig */ = {isa = PBXFileReference; includeInIndex = 1; lastKnownFileType = text.xcconfig; name = "Pods-ono.debug.xcconfig"; path = "Pods/Target Support Files/Pods-ono/Pods-ono.debug.xcconfig"; sourceTree = "<group>"; };
		577B2595217F80A90013A332 /* ono.app */ = {isa = PBXFileReference; explicitFileType = wrapper.application; includeInIndex = 0; path = ono.app; sourceTree = BUILT_PRODUCTS_DIR; };
		577B2598217F80A90013A332 /* AppDelegate.swift */ = {isa = PBXFileReference; lastKnownFileType = sourcecode.swift; path = AppDelegate.swift; sourceTree = "<group>"; };
		577B259A217F80A90013A332 /* ViewController.swift */ = {isa = PBXFileReference; lastKnownFileType = sourcecode.swift; path = ViewController.swift; sourceTree = "<group>"; };
		577B259F217F80AA0013A332 /* Base */ = {isa = PBXFileReference; lastKnownFileType = file.storyboard; name = Base; path = Base.lproj/Main.storyboard; sourceTree = "<group>"; };
		577B25A1217F80AA0013A332 /* Info.plist */ = {isa = PBXFileReference; lastKnownFileType = text.plist.xml; path = Info.plist; sourceTree = "<group>"; };
		577B25A2217F80AA0013A332 /* ono.entitlements */ = {isa = PBXFileReference; lastKnownFileType = text.plist.entitlements; path = ono.entitlements; sourceTree = "<group>"; };
		577B25A8217F81530013A332 /* MainWindowController.swift */ = {isa = PBXFileReference; lastKnownFileType = sourcecode.swift; path = MainWindowController.swift; sourceTree = "<group>"; };
		577B25AD217F90EB0013A332 /* Onoicons.swift */ = {isa = PBXFileReference; fileEncoding = 4; lastKnownFileType = sourcecode.swift; path = Onoicons.swift; sourceTree = "<group>"; };
		577B25AF217F9B270013A332 /* Assets.xcassets */ = {isa = PBXFileReference; lastKnownFileType = folder.assetcatalog; name = Assets.xcassets; path = ../../../../.Trash/Assets.xcassets; sourceTree = "<group>"; };
		5788F4B42181EA39000C5C68 /* xmlModel.swift */ = {isa = PBXFileReference; fileEncoding = 4; lastKnownFileType = sourcecode.swift; path = xmlModel.swift; sourceTree = "<group>"; };
		5788F4B62181EABB000C5C68 /* Item.swift */ = {isa = PBXFileReference; fileEncoding = 4; lastKnownFileType = sourcecode.swift; path = Item.swift; sourceTree = "<group>"; };
		653177CC0C6CA0143DDA43C6 /* Pods_ono.framework */ = {isa = PBXFileReference; explicitFileType = wrapper.framework; includeInIndex = 0; path = Pods_ono.framework; sourceTree = BUILT_PRODUCTS_DIR; };
		7BF5BA49CBF5C5A9682FC175 /* Pods-ono.release.xcconfig */ = {isa = PBXFileReference; includeInIndex = 1; lastKnownFileType = text.xcconfig; name = "Pods-ono.release.xcconfig"; path = "Pods/Target Support Files/Pods-ono/Pods-ono.release.xcconfig"; sourceTree = "<group>"; };
/* End PBXFileReference section */

/* Begin PBXFrameworksBuildPhase section */
		577B2592217F80A90013A332 /* Frameworks */ = {
			isa = PBXFrameworksBuildPhase;
			buildActionMask = 2147483647;
			files = (
				B556AF4E690F250531694D6C /* Pods_ono.framework in Frameworks */,
			);
			runOnlyForDeploymentPostprocessing = 0;
		};
/* End PBXFrameworksBuildPhase section */

/* Begin PBXGroup section */
		2FE8C03962A1BB769A365677 /* Pods */ = {
			isa = PBXGroup;
			children = (
				39B6813275AB617EC982417B /* Pods-ono.debug.xcconfig */,
				7BF5BA49CBF5C5A9682FC175 /* Pods-ono.release.xcconfig */,
			);
			name = Pods;
			sourceTree = "<group>";
		};
		3EC61C6E313880D59C8CE8E7 /* Frameworks */ = {
			isa = PBXGroup;
			children = (
				653177CC0C6CA0143DDA43C6 /* Pods_ono.framework */,
			);
			name = Frameworks;
			sourceTree = "<group>";
		};
		577B258C217F80A90013A332 = {
			isa = PBXGroup;
			children = (
				577B2597217F80A90013A332 /* ono */,
				577B2596217F80A90013A332 /* Products */,
				2FE8C03962A1BB769A365677 /* Pods */,
				3EC61C6E313880D59C8CE8E7 /* Frameworks */,
			);
			sourceTree = "<group>";
		};
		577B2596217F80A90013A332 /* Products */ = {
			isa = PBXGroup;
			children = (
				577B2595217F80A90013A332 /* ono.app */,
			);
			name = Products;
			sourceTree = "<group>";
		};
		577B2597217F80A90013A332 /* ono */ = {
			isa = PBXGroup;
			children = (
				577B25AC217F81860013A332 /* Model */,
				577B25AB217F81780013A332 /* View */,
				577B25AA217F81580013A332 /* Controller */,
				577B2598217F80A90013A332 /* AppDelegate.swift */,
				577B259E217F80AA0013A332 /* Main.storyboard */,
				577B25AF217F9B270013A332 /* Assets.xcassets */,
				577B25A1217F80AA0013A332 /* Info.plist */,
				577B25A2217F80AA0013A332 /* ono.entitlements */,
			);
			path = ono;
			sourceTree = "<group>";
		};
		577B25AA217F81580013A332 /* Controller */ = {
			isa = PBXGroup;
			children = (
				577B259A217F80A90013A332 /* ViewController.swift */,
				577B25A8217F81530013A332 /* MainWindowController.swift */,
			);
			path = Controller;
			sourceTree = "<group>";
		};
		577B25AB217F81780013A332 /* View */ = {
			isa = PBXGroup;
			children = (
				577B25AD217F90EB0013A332 /* Onoicons.swift */,
			);
			path = View;
			sourceTree = "<group>";
		};
		577B25AC217F81860013A332 /* Model */ = {
			isa = PBXGroup;
			children = (
				5788F4B62181EABB000C5C68 /* Item.swift */,
				5788F4B42181EA39000C5C68 /* xmlModel.swift */,
			);
			path = Model;
			sourceTree = "<group>";
		};
/* End PBXGroup section */

/* Begin PBXNativeTarget section */
		577B2594217F80A90013A332 /* ono */ = {
			isa = PBXNativeTarget;
			buildConfigurationList = 577B25A5217F80AA0013A332 /* Build configuration list for PBXNativeTarget "ono" */;
			buildPhases = (
				833B01CC830106632A56E213 /* [CP] Check Pods Manifest.lock */,
				577B2591217F80A90013A332 /* Sources */,
				577B2592217F80A90013A332 /* Frameworks */,
				577B2593217F80A90013A332 /* Resources */,
				E02DC2A4DA0DD9A93AB10B97 /* [CP] Embed Pods Frameworks */,
				485A67D40F42B4585FB45E60 /* [CP] Copy Pods Resources */,
			);
			buildRules = (
			);
			dependencies = (
			);
			name = ono;
			productName = ono;
			productReference = 577B2595217F80A90013A332 /* ono.app */;
			productType = "com.apple.product-type.application";
		};
/* End PBXNativeTarget section */

/* Begin PBXProject section */
		577B258D217F80A90013A332 /* Project object */ = {
			isa = PBXProject;
			attributes = {
				LastSwiftUpdateCheck = 1000;
				LastUpgradeCheck = 1000;
				ORGANIZATIONNAME = purzelbaum.hu;
				TargetAttributes = {
					577B2594217F80A90013A332 = {
						CreatedOnToolsVersion = 10.0;
						SystemCapabilities = {
							com.apple.Sandbox = {
								enabled = 0;
							};
						};
					};
				};
			};
			buildConfigurationList = 577B2590217F80A90013A332 /* Build configuration list for PBXProject "ono" */;
			compatibilityVersion = "Xcode 9.3";
			developmentRegion = en;
			hasScannedForEncodings = 0;
			knownRegions = (
				en,
				Base,
			);
			mainGroup = 577B258C217F80A90013A332;
			productRefGroup = 577B2596217F80A90013A332 /* Products */;
			projectDirPath = "";
			projectRoot = "";
			targets = (
				577B2594217F80A90013A332 /* ono */,
			);
		};
/* End PBXProject section */

/* Begin PBXResourcesBuildPhase section */
		577B2593217F80A90013A332 /* Resources */ = {
			isa = PBXResourcesBuildPhase;
			buildActionMask = 2147483647;
			files = (
				577B25B0217F9B270013A332 /* Assets.xcassets in Resources */,
				577B25A0217F80AA0013A332 /* Main.storyboard in Resources */,
			);
			runOnlyForDeploymentPostprocessing = 0;
		};
/* End PBXResourcesBuildPhase section */

/* Begin PBXShellScriptBuildPhase section */
		485A67D40F42B4585FB45E60 /* [CP] Copy Pods Resources */ = {
			isa = PBXShellScriptBuildPhase;
			buildActionMask = 2147483647;
			files = (
			);
			inputFileListPaths = (
			);
			inputPaths = (
				"${SRCROOT}/Pods/Target Support Files/Pods-ono/Pods-ono-resources.sh",
				"${PODS_ROOT}/HockeySDK-Mac/HockeySDK-Mac/HockeySDK.framework",
			);
			name = "[CP] Copy Pods Resources";
			outputFileListPaths = (
			);
			outputPaths = (
				"${TARGET_BUILD_DIR}/${UNLOCALIZED_RESOURCES_FOLDER_PATH}/HockeySDK.framework",
			);
			runOnlyForDeploymentPostprocessing = 0;
			shellPath = /bin/sh;
			shellScript = "\"${SRCROOT}/Pods/Target Support Files/Pods-ono/Pods-ono-resources.sh\"\n";
			showEnvVarsInLog = 0;
		};
		833B01CC830106632A56E213 /* [CP] Check Pods Manifest.lock */ = {
			isa = PBXShellScriptBuildPhase;
			buildActionMask = 2147483647;
			files = (
			);
			inputFileListPaths = (
			);
			inputPaths = (
				"${PODS_PODFILE_DIR_PATH}/Podfile.lock",
				"${PODS_ROOT}/Manifest.lock",
			);
			name = "[CP] Check Pods Manifest.lock";
			outputFileListPaths = (
			);
			outputPaths = (
				"$(DERIVED_FILE_DIR)/Pods-ono-checkManifestLockResult.txt",
			);
			runOnlyForDeploymentPostprocessing = 0;
			shellPath = /bin/sh;
			shellScript = "diff \"${PODS_PODFILE_DIR_PATH}/Podfile.lock\" \"${PODS_ROOT}/Manifest.lock\" > /dev/null\nif [ $? != 0 ] ; then\n    # print error to STDERR\n    echo \"error: The sandbox is not in sync with the Podfile.lock. Run 'pod install' or update your CocoaPods installation.\" >&2\n    exit 1\nfi\n# This output is used by Xcode 'outputs' to avoid re-running this script phase.\necho \"SUCCESS\" > \"${SCRIPT_OUTPUT_FILE_0}\"\n";
			showEnvVarsInLog = 0;
		};
		E02DC2A4DA0DD9A93AB10B97 /* [CP] Embed Pods Frameworks */ = {
			isa = PBXShellScriptBuildPhase;
			buildActionMask = 2147483647;
			files = (
			);
			inputFileListPaths = (
			);
			inputPaths = (
				"${SRCROOT}/Pods/Target Support Files/Pods-ono/Pods-ono-frameworks.sh",
				"${BUILT_PRODUCTS_DIR}/AEXML/AEXML.framework",
				"${PODS_ROOT}/HockeySDK-Mac/HockeySDK-Mac/HockeySDK.framework",
				"${PODS_ROOT}/HockeySDK-Mac/HockeySDK-Mac/HockeySDK.framework.dSYM",
				"${PODS_ROOT}/Sparkle/Sparkle.framework",
			);
			name = "[CP] Embed Pods Frameworks";
			outputFileListPaths = (
			);
			outputPaths = (
				"${TARGET_BUILD_DIR}/${FRAMEWORKS_FOLDER_PATH}/AEXML.framework",
				"${TARGET_BUILD_DIR}/${FRAMEWORKS_FOLDER_PATH}/HockeySDK.framework",
				"${DWARF_DSYM_FOLDER_PATH}/HockeySDK.framework.dSYM",
				"${TARGET_BUILD_DIR}/${FRAMEWORKS_FOLDER_PATH}/Sparkle.framework",
			);
			runOnlyForDeploymentPostprocessing = 0;
			shellPath = /bin/sh;
			shellScript = "\"${SRCROOT}/Pods/Target Support Files/Pods-ono/Pods-ono-frameworks.sh\"\n";
			showEnvVarsInLog = 0;
		};
/* End PBXShellScriptBuildPhase section */

/* Begin PBXSourcesBuildPhase section */
		577B2591217F80A90013A332 /* Sources */ = {
			isa = PBXSourcesBuildPhase;
			buildActionMask = 2147483647;
			files = (
				5788F4B72181EABB000C5C68 /* Item.swift in Sources */,
				577B259B217F80A90013A332 /* ViewController.swift in Sources */,
				577B25AE217F90EB0013A332 /* Onoicons.swift in Sources */,
				577B2599217F80A90013A332 /* AppDelegate.swift in Sources */,
				5788F4B52181EA39000C5C68 /* xmlModel.swift in Sources */,
				577B25A9217F81530013A332 /* MainWindowController.swift in Sources */,
			);
			runOnlyForDeploymentPostprocessing = 0;
		};
/* End PBXSourcesBuildPhase section */

/* Begin PBXVariantGroup section */
		577B259E217F80AA0013A332 /* Main.storyboard */ = {
			isa = PBXVariantGroup;
			children = (
				577B259F217F80AA0013A332 /* Base */,
			);
			name = Main.storyboard;
			sourceTree = "<group>";
		};
/* End PBXVariantGroup section */

/* Begin XCBuildConfiguration section */
		577B25A3217F80AA0013A332 /* Debug */ = {
			isa = XCBuildConfiguration;
			buildSettings = {
				ALWAYS_SEARCH_USER_PATHS = NO;
				CLANG_ANALYZER_NONNULL = YES;
				CLANG_ANALYZER_NUMBER_OBJECT_CONVERSION = YES_AGGRESSIVE;
				CLANG_CXX_LANGUAGE_STANDARD = "gnu++14";
				CLANG_CXX_LIBRARY = "libc++";
				CLANG_ENABLE_MODULES = YES;
				CLANG_ENABLE_OBJC_ARC = YES;
				CLANG_ENABLE_OBJC_WEAK = YES;
				CLANG_WARN_BLOCK_CAPTURE_AUTORELEASING = YES;
				CLANG_WARN_BOOL_CONVERSION = YES;
				CLANG_WARN_COMMA = YES;
				CLANG_WARN_CONSTANT_CONVERSION = YES;
				CLANG_WARN_DEPRECATED_OBJC_IMPLEMENTATIONS = YES;
				CLANG_WARN_DIRECT_OBJC_ISA_USAGE = YES_ERROR;
				CLANG_WARN_DOCUMENTATION_COMMENTS = YES;
				CLANG_WARN_EMPTY_BODY = YES;
				CLANG_WARN_ENUM_CONVERSION = YES;
				CLANG_WARN_INFINITE_RECURSION = YES;
				CLANG_WARN_INT_CONVERSION = YES;
				CLANG_WARN_NON_LITERAL_NULL_CONVERSION = YES;
				CLANG_WARN_OBJC_IMPLICIT_RETAIN_SELF = YES;
				CLANG_WARN_OBJC_LITERAL_CONVERSION = YES;
				CLANG_WARN_OBJC_ROOT_CLASS = YES_ERROR;
				CLANG_WARN_RANGE_LOOP_ANALYSIS = YES;
				CLANG_WARN_STRICT_PROTOTYPES = YES;
				CLANG_WARN_SUSPICIOUS_MOVE = YES;
				CLANG_WARN_UNGUARDED_AVAILABILITY = YES_AGGRESSIVE;
				CLANG_WARN_UNREACHABLE_CODE = YES;
				CLANG_WARN__DUPLICATE_METHOD_MATCH = YES;
				CODE_SIGN_IDENTITY = "Mac Developer";
				COPY_PHASE_STRIP = NO;
				DEBUG_INFORMATION_FORMAT = dwarf;
				ENABLE_STRICT_OBJC_MSGSEND = YES;
				ENABLE_TESTABILITY = YES;
				GCC_C_LANGUAGE_STANDARD = gnu11;
				GCC_DYNAMIC_NO_PIC = NO;
				GCC_NO_COMMON_BLOCKS = YES;
				GCC_OPTIMIZATION_LEVEL = 0;
				GCC_PREPROCESSOR_DEFINITIONS = (
					"DEBUG=1",
					"$(inherited)",
				);
				GCC_WARN_64_TO_32_BIT_CONVERSION = YES;
				GCC_WARN_ABOUT_RETURN_TYPE = YES_ERROR;
				GCC_WARN_UNDECLARED_SELECTOR = YES;
				GCC_WARN_UNINITIALIZED_AUTOS = YES_AGGRESSIVE;
				GCC_WARN_UNUSED_FUNCTION = YES;
				GCC_WARN_UNUSED_VARIABLE = YES;
				MACOSX_DEPLOYMENT_TARGET = 10.13;
				MTL_ENABLE_DEBUG_INFO = INCLUDE_SOURCE;
				MTL_FAST_MATH = YES;
				ONLY_ACTIVE_ARCH = YES;
				SDKROOT = macosx;
				SWIFT_ACTIVE_COMPILATION_CONDITIONS = DEBUG;
				SWIFT_OPTIMIZATION_LEVEL = "-Onone";
			};
			name = Debug;
		};
		577B25A4217F80AA0013A332 /* Release */ = {
			isa = XCBuildConfiguration;
			buildSettings = {
				ALWAYS_SEARCH_USER_PATHS = NO;
				CLANG_ANALYZER_NONNULL = YES;
				CLANG_ANALYZER_NUMBER_OBJECT_CONVERSION = YES_AGGRESSIVE;
				CLANG_CXX_LANGUAGE_STANDARD = "gnu++14";
				CLANG_CXX_LIBRARY = "libc++";
				CLANG_ENABLE_MODULES = YES;
				CLANG_ENABLE_OBJC_ARC = YES;
				CLANG_ENABLE_OBJC_WEAK = YES;
				CLANG_WARN_BLOCK_CAPTURE_AUTORELEASING = YES;
				CLANG_WARN_BOOL_CONVERSION = YES;
				CLANG_WARN_COMMA = YES;
				CLANG_WARN_CONSTANT_CONVERSION = YES;
				CLANG_WARN_DEPRECATED_OBJC_IMPLEMENTATIONS = YES;
				CLANG_WARN_DIRECT_OBJC_ISA_USAGE = YES_ERROR;
				CLANG_WARN_DOCUMENTATION_COMMENTS = YES;
				CLANG_WARN_EMPTY_BODY = YES;
				CLANG_WARN_ENUM_CONVERSION = YES;
				CLANG_WARN_INFINITE_RECURSION = YES;
				CLANG_WARN_INT_CONVERSION = YES;
				CLANG_WARN_NON_LITERAL_NULL_CONVERSION = YES;
				CLANG_WARN_OBJC_IMPLICIT_RETAIN_SELF = YES;
				CLANG_WARN_OBJC_LITERAL_CONVERSION = YES;
				CLANG_WARN_OBJC_ROOT_CLASS = YES_ERROR;
				CLANG_WARN_RANGE_LOOP_ANALYSIS = YES;
				CLANG_WARN_STRICT_PROTOTYPES = YES;
				CLANG_WARN_SUSPICIOUS_MOVE = YES;
				CLANG_WARN_UNGUARDED_AVAILABILITY = YES_AGGRESSIVE;
				CLANG_WARN_UNREACHABLE_CODE = YES;
				CLANG_WARN__DUPLICATE_METHOD_MATCH = YES;
				CODE_SIGN_IDENTITY = "Mac Developer";
				COPY_PHASE_STRIP = NO;
				DEBUG_INFORMATION_FORMAT = "dwarf-with-dsym";
				ENABLE_NS_ASSERTIONS = NO;
				ENABLE_STRICT_OBJC_MSGSEND = YES;
				GCC_C_LANGUAGE_STANDARD = gnu11;
				GCC_NO_COMMON_BLOCKS = YES;
				GCC_WARN_64_TO_32_BIT_CONVERSION = YES;
				GCC_WARN_ABOUT_RETURN_TYPE = YES_ERROR;
				GCC_WARN_UNDECLARED_SELECTOR = YES;
				GCC_WARN_UNINITIALIZED_AUTOS = YES_AGGRESSIVE;
				GCC_WARN_UNUSED_FUNCTION = YES;
				GCC_WARN_UNUSED_VARIABLE = YES;
				MACOSX_DEPLOYMENT_TARGET = 10.13;
				MTL_ENABLE_DEBUG_INFO = NO;
				MTL_FAST_MATH = YES;
				SDKROOT = macosx;
				SWIFT_COMPILATION_MODE = wholemodule;
				SWIFT_OPTIMIZATION_LEVEL = "-O";
			};
			name = Release;
		};
		577B25A6217F80AA0013A332 /* Debug */ = {
			isa = XCBuildConfiguration;
			baseConfigurationReference = 39B6813275AB617EC982417B /* Pods-ono.debug.xcconfig */;
			buildSettings = {
				ASSETCATALOG_COMPILER_APPICON_NAME = AppIcon;
				CODE_SIGN_IDENTITY = "Mac Developer";
				CODE_SIGN_STYLE = Automatic;
				COMBINE_HIDPI_IMAGES = YES;
				DEVELOPMENT_TEAM = 358WHQF94W;
				INFOPLIST_FILE = ono/Info.plist;
				LD_RUNPATH_SEARCH_PATHS = (
					"$(inherited)",
					"@executable_path/../Frameworks",
				);
				PRODUCT_BUNDLE_IDENTIFIER = hu.purzelbaum.ono;
				PRODUCT_NAME = "$(TARGET_NAME)";
				PROVISIONING_PROFILE_SPECIFIER = "";
				SWIFT_VERSION = 4.2;
			};
			name = Debug;
		};
		577B25A7217F80AA0013A332 /* Release */ = {
			isa = XCBuildConfiguration;
			baseConfigurationReference = 7BF5BA49CBF5C5A9682FC175 /* Pods-ono.release.xcconfig */;
			buildSettings = {
				ASSETCATALOG_COMPILER_APPICON_NAME = AppIcon;
				CODE_SIGN_IDENTITY = "Mac Developer";
				CODE_SIGN_STYLE = Automatic;
				COMBINE_HIDPI_IMAGES = YES;
				DEVELOPMENT_TEAM = 358WHQF94W;
				INFOPLIST_FILE = ono/Info.plist;
				LD_RUNPATH_SEARCH_PATHS = (
					"$(inherited)",
					"@executable_path/../Frameworks",
				);
				PRODUCT_BUNDLE_IDENTIFIER = hu.purzelbaum.ono;
				PRODUCT_NAME = "$(TARGET_NAME)";
				PROVISIONING_PROFILE_SPECIFIER = "";
				SWIFT_VERSION = 4.2;
			};
			name = Release;
		};
/* End XCBuildConfiguration section */

/* Begin XCConfigurationList section */
		577B2590217F80A90013A332 /* Build configuration list for PBXProject "ono" */ = {
			isa = XCConfigurationList;
			buildConfigurations = (
				577B25A3217F80AA0013A332 /* Debug */,
				577B25A4217F80AA0013A332 /* Release */,
			);
			defaultConfigurationIsVisible = 0;
			defaultConfigurationName = Release;
		};
		577B25A5217F80AA0013A332 /* Build configuration list for PBXNativeTarget "ono" */ = {
			isa = XCConfigurationList;
			buildConfigurations = (
				577B25A6217F80AA0013A332 /* Debug */,
				577B25A7217F80AA0013A332 /* Release */,
			);
			defaultConfigurationIsVisible = 0;
			defaultConfigurationName = Release;
		};
/* End XCConfigurationList section */
	};
	rootObject = 577B258D217F80A90013A332 /* Project object */;
}
